
Microsoft Visual Studio Solution File, Format Version 12.00
# Visual Studio Version 17
VisualStudioVersion = 17.0.31903.59
MinimumVisualStudioVersion = 10.0.40219.1
Project("{2150E333-8FDC-42A3-9474-1A3956D46DE8}") = "src", "src", "{827E0CD3-B72D-47B6-A68D-7590B98EB39B}"
EndProject
Project("{2150E333-8FDC-42A3-9474-1A3956D46DE8}") = "Core", "Core", "{8D626EA8-CB54-BC41-363A-217881BEBA6E}"
EndProject
Project("{FAE04EC0-301F-11D3-BF4B-00C04F79EFBC}") = "FiapX.Core", "src\Core\FiapX.Core.csproj", "{3AE98226-F794-406D-BD62-E828E5B4F764}"
EndProject
Project("{2150E333-8FDC-42A3-9474-1A3956D46DE8}") = "Application", "Application", "{22BAF98C-8415-17C4-B26A-D537657BC863}"
EndProject
Project("{FAE04EC0-301F-11D3-BF4B-00C04F79EFBC}") = "FiapX.Application", "src\Application\FiapX.Application.csproj", "{A1A8BFA2-E9F7-47B1-AD8C-BC0CFA9A0784}"
EndProject
Project("{2150E333-8FDC-42A3-9474-1A3956D46DE8}") = "Infrastructure", "Infrastructure", "{9048EB7F-3875-A59E-E36B-5BD4C6F2A282}"
EndProject
Project("{FAE04EC0-301F-11D3-BF4B-00C04F79EFBC}") = "FiapX.Infrastructure", "src\Infrastructure\FiapX.Infrastructure.csproj", "{C8FB3FED-56E9-4BB1-B5CA-85E177820230}"
EndProject
Project("{2150E333-8FDC-42A3-9474-1A3956D46DE8}") = "API", "API", "{81034408-37C8-1011-444E-4C15C2FADA8E}"
EndProject
Project("{FAE04EC0-301F-11D3-BF4B-00C04F79EFBC}") = "FiapX.API", "src\API\FiapX.API.csproj", "{EB9914F2-ED00-45E7-9DF5-71F24E1D550F}"
EndProject
Project("{2150E333-8FDC-42A3-9474-1A3956D46DE8}") = "Worker", "Worker", "{89BA21D6-604E-9DA1-5F6C-9062FD58212E}"
EndProject
Project("{FAE04EC0-301F-11D3-BF4B-00C04F79EFBC}") = "FiapX.Worker", "src\Worker\FiapX.Worker.csproj", "{BB201F39-EE82-4485-91F9-85AFF0098AF7}"
EndProject
Project("{2150E333-8FDC-42A3-9474-1A3956D46DE8}") = "docker-config", "docker-config", "{02EA681E-C7D8-13C7-8484-4AC65E1B71E8}"
	ProjectSection(SolutionItems) = preProject
		docker-config\docker-compose.yml = docker-config\docker-compose.yml
	EndProjectSection
EndProject
Project("{2150E333-8FDC-42A3-9474-1A3956D46DE8}") = "infra", "infra", "{EA691CBE-0294-4E76-B74E-A2CF85D2D184}"
	ProjectSection(SolutionItems) = preProject
		Config.json = Config.json
	EndProjectSection
EndProject
Project("{2150E333-8FDC-42A3-9474-1A3956D46DE8}") = "Itens de Solução", "Itens de Solução", "{380A7511-A354-6D7A-0CC0-8FA1F1BA7B6C}"
	ProjectSection(SolutionItems) = preProject
		.gitignore = .gitignore
	EndProjectSection
EndProject
Project("{2150E333-8FDC-42A3-9474-1A3956D46DE8}") = ".github", ".github", "{46BF04A8-3D09-434C-93FC-0A9FC3698924}"
EndProject
Project("{2150E333-8FDC-42A3-9474-1A3956D46DE8}") = "worflows", "worflows", "{5D758676-8211-4E7F-ABFB-876E1C6A102A}"
	ProjectSection(SolutionItems) = preProject
		.github\workflows\build.yml = .github\workflows\build.yml
	EndProjectSection
EndProject
Global
	GlobalSection(SolutionConfigurationPlatforms) = preSolution
		Debug|Any CPU = Debug|Any CPU
		Debug|x64 = Debug|x64
		Debug|x86 = Debug|x86
		Release|Any CPU = Release|Any CPU
		Release|x64 = Release|x64
		Release|x86 = Release|x86
	EndGlobalSection
	GlobalSection(ProjectConfigurationPlatforms) = postSolution
		{3AE98226-F794-406D-BD62-E828E5B4F764}.Debug|Any CPU.ActiveCfg = Debug|Any CPU
		{3AE98226-F794-406D-BD62-E828E5B4F764}.Debug|Any CPU.Build.0 = Debug|Any CPU
		{3AE98226-F794-406D-BD62-E828E5B4F764}.Debug|x64.ActiveCfg = Debug|Any CPU
		{3AE98226-F794-406D-BD62-E828E5B4F764}.Debug|x64.Build.0 = Debug|Any CPU
		{3AE98226-F794-406D-BD62-E828E5B4F764}.Debug|x86.ActiveCfg = Debug|Any CPU
		{3AE98226-F794-406D-BD62-E828E5B4F764}.Debug|x86.Build.0 = Debug|Any CPU
		{3AE98226-F794-406D-BD62-E828E5B4F764}.Release|Any CPU.ActiveCfg = Release|Any CPU
		{3AE98226-F794-406D-BD62-E828E5B4F764}.Release|Any CPU.Build.0 = Release|Any CPU
		{3AE98226-F794-406D-BD62-E828E5B4F764}.Release|x64.ActiveCfg = Release|Any CPU
		{3AE98226-F794-406D-BD62-E828E5B4F764}.Release|x64.Build.0 = Release|Any CPU
		{3AE98226-F794-406D-BD62-E828E5B4F764}.Release|x86.ActiveCfg = Release|Any CPU
		{3AE98226-F794-406D-BD62-E828E5B4F764}.Release|x86.Build.0 = Release|Any CPU
		{A1A8BFA2-E9F7-47B1-AD8C-BC0CFA9A0784}.Debug|Any CPU.ActiveCfg = Debug|Any CPU
		{A1A8BFA2-E9F7-47B1-AD8C-BC0CFA9A0784}.Debug|Any CPU.Build.0 = Debug|Any CPU
		{A1A8BFA2-E9F7-47B1-AD8C-BC0CFA9A0784}.Debug|x64.ActiveCfg = Debug|Any CPU
		{A1A8BFA2-E9F7-47B1-AD8C-BC0CFA9A0784}.Debug|x64.Build.0 = Debug|Any CPU
		{A1A8BFA2-E9F7-47B1-AD8C-BC0CFA9A0784}.Debug|x86.ActiveCfg = Debug|Any CPU
		{A1A8BFA2-E9F7-47B1-AD8C-BC0CFA9A0784}.Debug|x86.Build.0 = Debug|Any CPU
		{A1A8BFA2-E9F7-47B1-AD8C-BC0CFA9A0784}.Release|Any CPU.ActiveCfg = Release|Any CPU
		{A1A8BFA2-E9F7-47B1-AD8C-BC0CFA9A0784}.Release|Any CPU.Build.0 = Release|Any CPU
		{A1A8BFA2-E9F7-47B1-AD8C-BC0CFA9A0784}.Release|x64.ActiveCfg = Release|Any CPU
		{A1A8BFA2-E9F7-47B1-AD8C-BC0CFA9A0784}.Release|x64.Build.0 = Release|Any CPU
		{A1A8BFA2-E9F7-47B1-AD8C-BC0CFA9A0784}.Release|x86.ActiveCfg = Release|Any CPU
		{A1A8BFA2-E9F7-47B1-AD8C-BC0CFA9A0784}.Release|x86.Build.0 = Release|Any CPU
		{C8FB3FED-56E9-4BB1-B5CA-85E177820230}.Debug|Any CPU.ActiveCfg = Debug|Any CPU
		{C8FB3FED-56E9-4BB1-B5CA-85E177820230}.Debug|Any CPU.Build.0 = Debug|Any CPU
		{C8FB3FED-56E9-4BB1-B5CA-85E177820230}.Debug|x64.ActiveCfg = Debug|Any CPU
		{C8FB3FED-56E9-4BB1-B5CA-85E177820230}.Debug|x64.Build.0 = Debug|Any CPU
		{C8FB3FED-56E9-4BB1-B5CA-85E177820230}.Debug|x86.ActiveCfg = Debug|Any CPU
		{C8FB3FED-56E9-4BB1-B5CA-85E177820230}.Debug|x86.Build.0 = Debug|Any CPU
		{C8FB3FED-56E9-4BB1-B5CA-85E177820230}.Release|Any CPU.ActiveCfg = Release|Any CPU
		{C8FB3FED-56E9-4BB1-B5CA-85E177820230}.Release|Any CPU.Build.0 = Release|Any CPU
		{C8FB3FED-56E9-4BB1-B5CA-85E177820230}.Release|x64.ActiveCfg = Release|Any CPU
		{C8FB3FED-56E9-4BB1-B5CA-85E177820230}.Release|x64.Build.0 = Release|Any CPU
		{C8FB3FED-56E9-4BB1-B5CA-85E177820230}.Release|x86.ActiveCfg = Release|Any CPU
		{C8FB3FED-56E9-4BB1-B5CA-85E177820230}.Release|x86.Build.0 = Release|Any CPU
		{EB9914F2-ED00-45E7-9DF5-71F24E1D550F}.Debug|Any CPU.ActiveCfg = Debug|Any CPU
		{EB9914F2-ED00-45E7-9DF5-71F24E1D550F}.Debug|Any CPU.Build.0 = Debug|Any CPU
		{EB9914F2-ED00-45E7-9DF5-71F24E1D550F}.Debug|x64.ActiveCfg = Debug|Any CPU
		{EB9914F2-ED00-45E7-9DF5-71F24E1D550F}.Debug|x64.Build.0 = Debug|Any CPU
		{EB9914F2-ED00-45E7-9DF5-71F24E1D550F}.Debug|x86.ActiveCfg = Debug|Any CPU
		{EB9914F2-ED00-45E7-9DF5-71F24E1D550F}.Debug|x86.Build.0 = Debug|Any CPU
		{EB9914F2-ED00-45E7-9DF5-71F24E1D550F}.Release|Any CPU.ActiveCfg = Release|Any CPU
		{EB9914F2-ED00-45E7-9DF5-71F24E1D550F}.Release|Any CPU.Build.0 = Release|Any CPU
		{EB9914F2-ED00-45E7-9DF5-71F24E1D550F}.Release|x64.ActiveCfg = Release|Any CPU
		{EB9914F2-ED00-45E7-9DF5-71F24E1D550F}.Release|x64.Build.0 = Release|Any CPU
		{EB9914F2-ED00-45E7-9DF5-71F24E1D550F}.Release|x86.ActiveCfg = Release|Any CPU
		{EB9914F2-ED00-45E7-9DF5-71F24E1D550F}.Release|x86.Build.0 = Release|Any CPU
		{BB201F39-EE82-4485-91F9-85AFF0098AF7}.Debug|Any CPU.ActiveCfg = Debug|Any CPU
		{BB201F39-EE82-4485-91F9-85AFF0098AF7}.Debug|Any CPU.Build.0 = Debug|Any CPU
		{BB201F39-EE82-4485-91F9-85AFF0098AF7}.Debug|x64.ActiveCfg = Debug|Any CPU
		{BB201F39-EE82-4485-91F9-85AFF0098AF7}.Debug|x64.Build.0 = Debug|Any CPU
		{BB201F39-EE82-4485-91F9-85AFF0098AF7}.Debug|x86.ActiveCfg = Debug|Any CPU
		{BB201F39-EE82-4485-91F9-85AFF0098AF7}.Debug|x86.Build.0 = Debug|Any CPU
		{BB201F39-EE82-4485-91F9-85AFF0098AF7}.Release|Any CPU.ActiveCfg = Release|Any CPU
		{BB201F39-EE82-4485-91F9-85AFF0098AF7}.Release|Any CPU.Build.0 = Release|Any CPU
		{BB201F39-EE82-4485-91F9-85AFF0098AF7}.Release|x64.ActiveCfg = Release|Any CPU
		{BB201F39-EE82-4485-91F9-85AFF0098AF7}.Release|x64.Build.0 = Release|Any CPU
		{BB201F39-EE82-4485-91F9-85AFF0098AF7}.Release|x86.ActiveCfg = Release|Any CPU
		{BB201F39-EE82-4485-91F9-85AFF0098AF7}.Release|x86.Build.0 = Release|Any CPU
	EndGlobalSection
	GlobalSection(SolutionProperties) = preSolution
		HideSolutionNode = FALSE
	EndGlobalSection
	GlobalSection(NestedProjects) = preSolution
		{8D626EA8-CB54-BC41-363A-217881BEBA6E} = {827E0CD3-B72D-47B6-A68D-7590B98EB39B}
		{3AE98226-F794-406D-BD62-E828E5B4F764} = {8D626EA8-CB54-BC41-363A-217881BEBA6E}
		{22BAF98C-8415-17C4-B26A-D537657BC863} = {827E0CD3-B72D-47B6-A68D-7590B98EB39B}
		{A1A8BFA2-E9F7-47B1-AD8C-BC0CFA9A0784} = {22BAF98C-8415-17C4-B26A-D537657BC863}
		{9048EB7F-3875-A59E-E36B-5BD4C6F2A282} = {827E0CD3-B72D-47B6-A68D-7590B98EB39B}
		{C8FB3FED-56E9-4BB1-B5CA-85E177820230} = {9048EB7F-3875-A59E-E36B-5BD4C6F2A282}
		{81034408-37C8-1011-444E-4C15C2FADA8E} = {827E0CD3-B72D-47B6-A68D-7590B98EB39B}
		{EB9914F2-ED00-45E7-9DF5-71F24E1D550F} = {81034408-37C8-1011-444E-4C15C2FADA8E}
		{89BA21D6-604E-9DA1-5F6C-9062FD58212E} = {827E0CD3-B72D-47B6-A68D-7590B98EB39B}
		{BB201F39-EE82-4485-91F9-85AFF0098AF7} = {89BA21D6-604E-9DA1-5F6C-9062FD58212E}
		{EA691CBE-0294-4E76-B74E-A2CF85D2D184} = {02EA681E-C7D8-13C7-8484-4AC65E1B71E8}
		{5D758676-8211-4E7F-ABFB-876E1C6A102A} = {46BF04A8-3D09-434C-93FC-0A9FC3698924}
	EndGlobalSection
	GlobalSection(ExtensibilityGlobals) = postSolution
		SolutionGuid = {100B7358-315C-441A-AB49-9175DDE52B6A}
	EndGlobalSection
EndGlobal
